
Microsoft Visual Studio Solution File, Format Version 12.00
# Visual Studio Version 16
VisualStudioVersion = 16.0.31129.286
MinimumVisualStudioVersion = 10.0.40219.1
Project("{FAE04EC0-301F-11D3-BF4B-00C04F79EFBC}") = "SetMousePosition", "SetMousePosition\SetMousePosition.csproj", "{14D2ADB3-07C7-4A8C-ACDC-C7D5A1B656A8}"
EndProject
Global
	GlobalSection(SolutionConfigurationPlatforms) = preSolution
		Debug|Any CPU = Debug|Any CPU
		Release|Any CPU = Release|Any CPU
	EndGlobalSection
	GlobalSection(ProjectConfigurationPlatforms) = postSolution
		{14D2ADB3-07C7-4A8C-ACDC-C7D5A1B656A8}.Debug|Any CPU.ActiveCfg = Debug|Any CPU
		{14D2ADB3-07C7-4A8C-ACDC-C7D5A1B656A8}.Debug|Any CPU.Build.0 = Debug|Any CPU
		{14D2ADB3-07C7-4A8C-ACDC-C7D5A1B656A8}.Release|Any CPU.ActiveCfg = Release|Any CPU
		{14D2ADB3-07C7-4A8C-ACDC-C7D5A1B656A8}.Release|Any CPU.Build.0 = Release|Any CPU
	EndGlobalSection
	GlobalSection(SolutionProperties) = preSolution
		HideSolutionNode = FALSE
	EndGlobalSection
	GlobalSection(ExtensibilityGlobals) = postSolution
		SolutionGuid = {43203003-0BF9-4F6E-8D8A-BA3471B9386B}
	EndGlobalSection
EndGlobal
